
Microsoft Visual Studio Solution File, Format Version 12.00
# Visual Studio 14
VisualStudioVersion = 14.0.25123.0
MinimumVisualStudioVersion = 10.0.40219.1
Project("{FAE04EC0-301F-11D3-BF4B-00C04F79EFBC}") = "StrongestPathFinder", "StrongestPathFinder\StrongestPathFinder.csproj", "{EA18B9AC-5530-4D51-A28C-E0740F65EC4B}"
EndProject
Project("{FAE04EC0-301F-11D3-BF4B-00C04F79EFBC}") = "StrongestPathEngine", "StrongestPathEngine\StrongestPathEngine.csproj", "{447C2772-9E01-473E-8799-0DDF5BC3DF5C}"
EndProject
Global
	GlobalSection(SolutionConfigurationPlatforms) = preSolution
		Debug|Any CPU = Debug|Any CPU
		Release|Any CPU = Release|Any CPU
	EndGlobalSection
	GlobalSection(ProjectConfigurationPlatforms) = postSolution
		{EA18B9AC-5530-4D51-A28C-E0740F65EC4B}.Debug|Any CPU.ActiveCfg = Debug|Any CPU
		{EA18B9AC-5530-4D51-A28C-E0740F65EC4B}.Debug|Any CPU.Build.0 = Debug|Any CPU
		{EA18B9AC-5530-4D51-A28C-E0740F65EC4B}.Release|Any CPU.ActiveCfg = Release|Any CPU
		{EA18B9AC-5530-4D51-A28C-E0740F65EC4B}.Release|Any CPU.Build.0 = Release|Any CPU
		{447C2772-9E01-473E-8799-0DDF5BC3DF5C}.Debug|Any CPU.ActiveCfg = Debug|Any CPU
		{447C2772-9E01-473E-8799-0DDF5BC3DF5C}.Debug|Any CPU.Build.0 = Debug|Any CPU
		{447C2772-9E01-473E-8799-0DDF5BC3DF5C}.Release|Any CPU.ActiveCfg = Release|Any CPU
		{447C2772-9E01-473E-8799-0DDF5BC3DF5C}.Release|Any CPU.Build.0 = Release|Any CPU
	EndGlobalSection
	GlobalSection(SolutionProperties) = preSolution
		HideSolutionNode = FALSE
	EndGlobalSection
EndGlobal
